
Microsoft Visual Studio Solution File, Format Version 12.00
# Visual Studio Version 16
VisualStudioVersion = 16.0.30225.117
MinimumVisualStudioVersion = 10.0.40219.1
Project("{FAE04EC0-301F-11D3-BF4B-00C04F79EFBC}") = "SRLink", "SRLink\SRLink.csproj", "{300A52F0-096E-4BC4-825C-AD46DC8E7093}"
EndProject
Global
	GlobalSection(SolutionConfigurationPlatforms) = preSolution
		Debug|Any CPU = Debug|Any CPU
		Release|Any CPU = Release|Any CPU
	EndGlobalSection
	GlobalSection(ProjectConfigurationPlatforms) = postSolution
		{300A52F0-096E-4BC4-825C-AD46DC8E7093}.Debug|Any CPU.ActiveCfg = Debug|Any CPU
		{300A52F0-096E-4BC4-825C-AD46DC8E7093}.Debug|Any CPU.Build.0 = Debug|Any CPU
		{300A52F0-096E-4BC4-825C-AD46DC8E7093}.Release|Any CPU.ActiveCfg = Release|Any CPU
		{300A52F0-096E-4BC4-825C-AD46DC8E7093}.Release|Any CPU.Build.0 = Release|Any CPU
	EndGlobalSection
	GlobalSection(SolutionProperties) = preSolution
		HideSolutionNode = FALSE
	EndGlobalSection
	GlobalSection(ExtensibilityGlobals) = postSolution
		SolutionGuid = {617FC3F8-7D09-4C4A-9382-91836DA47374}
	EndGlobalSection
EndGlobal
